<?xml version="1.0" encoding="utf-8"?>
<Project ToolsVersion="4.0" xmlns="http://schemas.microsoft.com/developer/msbuild/2003">
  <ItemGroup>
    <Filter Include="Файлы исходного кода">
      <UniqueIdentifier>{4FC737F1-C7A5-4376-A066-2A32D752A2FF}</UniqueIdentifier>
      <Extensions>cpp;c;cc;cxx;def;odl;idl;hpj;bat;asm;asmx</Extensions>
    </Filter>
    <Filter Include="Заголовочные файлы">
      <UniqueIdentifier>{93995380-89BD-4b04-88EB-625FBE52EBFB}</UniqueIdentifier>
      <Extensions>h;hh;hpp;hxx;hm;inl;inc;xsd</Extensions>
    </Filter>
    <Filter Include="Файлы ресурсов">
      <UniqueIdentifier>{67DA6AB6-F800-4c08-8B7A-83BB121AAD01}</UniqueIdentifier>
      <Extensions>rc;ico;cur;bmp;dlg;rc2;rct;bin;rgs;gif;jpg;jpeg;jpe;resx;tiff;tif;png;wav;mfcribbon-ms</Extensions>
    </Filter>
    <Filter Include="Файлы исходного кода\Classes">
      <UniqueIdentifier>{d9584c50-c35b-415c-a6f1-20f3640027d9}</UniqueIdentifier>
    </Filter>
    <Filter Include="Файлы исходного кода\Tests">
      <UniqueIdentifier>{b87c4d4e-6828-46bc-82aa-bcc0ff788e40}</UniqueIdentifier>
    </Filter>
  </ItemGroup>
  <ItemGroup>
    <ClInclude Include="stdafx.h">
      <Filter>Заголовочные файлы</Filter>
    </ClInclude>
    <ClInclude Include="targetver.h">
      <Filter>Заголовочные файлы</Filter>
    </ClInclude>
    <ClInclude Include="..\Persons\Person.h">
      <Filter>Заголовочные файлы</Filter>
    </ClInclude>
    <ClInclude Include="..\Persons\University.h">
      <Filter>Заголовочные файлы</Filter>
    </ClInclude>
    <ClInclude Include="..\Persons\Student.h">
      <Filter>Заголовочные файлы</Filter>
    </ClInclude>
    <ClInclude Include="..\Persons\Organization.h">
      <Filter>Заголовочные файлы</Filter>
    </ClInclude>
    <ClInclude Include="..\Persons\Company.h">
      <Filter>Заголовочные файлы</Filter>
    </ClInclude>
    <ClInclude Include="..\Persons\Worker.h">
      <Filter>Заголовочные файлы</Filter>
    </ClInclude>
    <ClInclude Include="..\Persons\SaverLoader.h">
      <Filter>Заголовочные файлы</Filter>
    </ClInclude>
  </ItemGroup>
  <ItemGroup>
    <ClCompile Include="stdafx.cpp">
      <Filter>Файлы исходного кода</Filter>
    </ClCompile>
    <ClCompile Include="main.cpp">
      <Filter>Файлы исходного кода</Filter>
    </ClCompile>
    <ClCompile Include="..\Persons\Person.cpp">
      <Filter>Файлы исходного кода\Classes</Filter>
    </ClCompile>
    <ClCompile Include="..\Persons\University.cpp">
      <Filter>Файлы исходного кода\Classes</Filter>
    </ClCompile>
    <ClCompile Include="PersonTests.cpp">
      <Filter>Файлы исходного кода\Tests</Filter>
    </ClCompile>
    <ClCompile Include="UniversityTests.cpp">
      <Filter>Файлы исходного кода\Tests</Filter>
    </ClCompile>
    <ClCompile Include="..\Persons\Student.cpp">
      <Filter>Файлы исходного кода\Classes</Filter>
    </ClCompile>
    <ClCompile Include="StudentTests.cpp">
      <Filter>Файлы исходного кода\Tests</Filter>
    </ClCompile>
    <ClCompile Include="..\Persons\Organization.cpp">
      <Filter>Файлы исходного кода\Classes</Filter>
    </ClCompile>
    <ClCompile Include="..\Persons\Company.cpp">
      <Filter>Файлы исходного кода\Classes</Filter>
    </ClCompile>
    <ClCompile Include="..\Persons\Worker.cpp">
      <Filter>Файлы исходного кода\Classes</Filter>
    </ClCompile>
    <ClCompile Include="CompanyTests.cpp">
      <Filter>Файлы исходного кода\Tests</Filter>
    </ClCompile>
    <ClCompile Include="WorkerTests.cpp">
      <Filter>Файлы исходного кода\Tests</Filter>
    </ClCompile>
    <ClCompile Include="SaverLoaderTests.cpp">
      <Filter>Файлы исходного кода\Tests</Filter>
    </ClCompile>
    <ClCompile Include="..\Persons\SaverLoader.cpp">
      <Filter>Файлы исходного кода</Filter>
    </ClCompile>
  </ItemGroup>
</Project>